
Microsoft Visual Studio Solution File, Format Version 12.00
# Visual Studio Version 17
VisualStudioVersion = 17.5.33530.505
MinimumVisualStudioVersion = 10.0.40219.1
Project("{2150E333-8FDC-42A3-9474-1A3956D46DE8}") = "Services", "Services", "{3F1A9220-373A-4EC2-837B-2A5498271CF0}"
EndProject
Project("{2150E333-8FDC-42A3-9474-1A3956D46DE8}") = "Catalog", "Catalog", "{159DCD69-A1AE-45C3-AA1E-AF272D810A2E}"
EndProject
Project("{9A19103F-16F7-4668-BE54-9A1E7A4F7556}") = "Catalog.API", "Services\Catalog\Catalog.API\Catalog.API.csproj", "{5ED2594D-EDBD-4E9F-B80B-145D3644F799}"
EndProject
Project("{E53339B2-1760-4266-BCC7-CA923CBCF16C}") = "docker-compose", "docker-compose.dcproj", "{4B275C8A-7434-49CE-B76D-7482A23F2EDB}"
EndProject
Project("{2150E333-8FDC-42A3-9474-1A3956D46DE8}") = "Basket", "Basket", "{48E207A4-7059-4ADB-B7D7-21DF4436398A}"
EndProject
Project("{9A19103F-16F7-4668-BE54-9A1E7A4F7556}") = "Basket.API", "Services\Basket\Basket.API\Basket.API.csproj", "{23529E8E-D1CE-4D43-8BE7-328779C847A4}"
EndProject
Project("{2150E333-8FDC-42A3-9474-1A3956D46DE8}") = "Discount", "Discount", "{3AFB2A80-82FA-4511-A094-ED44BEF3CBEE}"
EndProject
Project("{9A19103F-16F7-4668-BE54-9A1E7A4F7556}") = "Discount.API", "Services\Discount\Discount.API\Discount.API.csproj", "{0C1C7600-B03D-41EE-BCF2-4A764DC6D822}"
EndProject
Project("{9A19103F-16F7-4668-BE54-9A1E7A4F7556}") = "Discount.Grpc", "Services\Discount\Discount.Grpc\Discount.Grpc.csproj", "{764B44D2-9746-40ED-AEA9-B66724BF29F5}"
EndProject
Global
	GlobalSection(SolutionConfigurationPlatforms) = preSolution
		Debug|Any CPU = Debug|Any CPU
		Release|Any CPU = Release|Any CPU
	EndGlobalSection
	GlobalSection(ProjectConfigurationPlatforms) = postSolution
		{5ED2594D-EDBD-4E9F-B80B-145D3644F799}.Debug|Any CPU.ActiveCfg = Debug|Any CPU
		{5ED2594D-EDBD-4E9F-B80B-145D3644F799}.Debug|Any CPU.Build.0 = Debug|Any CPU
		{5ED2594D-EDBD-4E9F-B80B-145D3644F799}.Release|Any CPU.ActiveCfg = Release|Any CPU
		{5ED2594D-EDBD-4E9F-B80B-145D3644F799}.Release|Any CPU.Build.0 = Release|Any CPU
		{4B275C8A-7434-49CE-B76D-7482A23F2EDB}.Debug|Any CPU.ActiveCfg = Debug|Any CPU
		{4B275C8A-7434-49CE-B76D-7482A23F2EDB}.Debug|Any CPU.Build.0 = Debug|Any CPU
		{4B275C8A-7434-49CE-B76D-7482A23F2EDB}.Release|Any CPU.ActiveCfg = Release|Any CPU
		{4B275C8A-7434-49CE-B76D-7482A23F2EDB}.Release|Any CPU.Build.0 = Release|Any CPU
		{23529E8E-D1CE-4D43-8BE7-328779C847A4}.Debug|Any CPU.ActiveCfg = Debug|Any CPU
		{23529E8E-D1CE-4D43-8BE7-328779C847A4}.Debug|Any CPU.Build.0 = Debug|Any CPU
		{23529E8E-D1CE-4D43-8BE7-328779C847A4}.Release|Any CPU.ActiveCfg = Release|Any CPU
		{23529E8E-D1CE-4D43-8BE7-328779C847A4}.Release|Any CPU.Build.0 = Release|Any CPU
		{0C1C7600-B03D-41EE-BCF2-4A764DC6D822}.Debug|Any CPU.ActiveCfg = Debug|Any CPU
		{0C1C7600-B03D-41EE-BCF2-4A764DC6D822}.Debug|Any CPU.Build.0 = Debug|Any CPU
		{0C1C7600-B03D-41EE-BCF2-4A764DC6D822}.Release|Any CPU.ActiveCfg = Release|Any CPU
		{0C1C7600-B03D-41EE-BCF2-4A764DC6D822}.Release|Any CPU.Build.0 = Release|Any CPU
		{764B44D2-9746-40ED-AEA9-B66724BF29F5}.Debug|Any CPU.ActiveCfg = Debug|Any CPU
		{764B44D2-9746-40ED-AEA9-B66724BF29F5}.Debug|Any CPU.Build.0 = Debug|Any CPU
		{764B44D2-9746-40ED-AEA9-B66724BF29F5}.Release|Any CPU.ActiveCfg = Release|Any CPU
		{764B44D2-9746-40ED-AEA9-B66724BF29F5}.Release|Any CPU.Build.0 = Release|Any CPU
	EndGlobalSection
	GlobalSection(SolutionProperties) = preSolution
		HideSolutionNode = FALSE
	EndGlobalSection
	GlobalSection(NestedProjects) = preSolution
		{159DCD69-A1AE-45C3-AA1E-AF272D810A2E} = {3F1A9220-373A-4EC2-837B-2A5498271CF0}
		{5ED2594D-EDBD-4E9F-B80B-145D3644F799} = {159DCD69-A1AE-45C3-AA1E-AF272D810A2E}
		{48E207A4-7059-4ADB-B7D7-21DF4436398A} = {3F1A9220-373A-4EC2-837B-2A5498271CF0}
		{23529E8E-D1CE-4D43-8BE7-328779C847A4} = {48E207A4-7059-4ADB-B7D7-21DF4436398A}
		{3AFB2A80-82FA-4511-A094-ED44BEF3CBEE} = {3F1A9220-373A-4EC2-837B-2A5498271CF0}
		{0C1C7600-B03D-41EE-BCF2-4A764DC6D822} = {3AFB2A80-82FA-4511-A094-ED44BEF3CBEE}
		{764B44D2-9746-40ED-AEA9-B66724BF29F5} = {3AFB2A80-82FA-4511-A094-ED44BEF3CBEE}
	EndGlobalSection
	GlobalSection(ExtensibilityGlobals) = postSolution
		SolutionGuid = {EFC2E4F4-3189-4CE4-98F2-8EABEC925780}
	EndGlobalSection
EndGlobal
